{
  "version": 4,
  "terraform_version": "1.12.1",
  "serial": 9,
  "lineage": "e275c96f-9109-f0e8-b92d-aa389c3dd8a8",
  "outputs": {},
  "resources": [
    {
      "module": "module.kubeflow_cluster_1",
      "mode": "managed",
      "type": "ionoscloud_k8s_cluster",
      "name": "example",
      "provider": "provider[\"registry.terraform.io/ionos-cloud/ionoscloud\"]",
      "instances": [
        {
          "schema_version": 0,
          "attributes": {
            "allow_replace": false,
            "api_subnet_allow_list": null,
            "id": "afcc3896-fb53-4ce3-87e1-005a093bc1a3",
            "k8s_version": "1.31.3",
            "location": null,
            "maintenance_window": [
              {
                "day_of_the_week": "Sunday",
                "time": "09:00:00Z"
              }
            ],
            "name": "k8s-stackable-poc",
            "nat_gateway_ip": null,
            "node_subnet": null,
            "public": true,
            "s3_buckets": [],
            "timeouts": null,
            "viable_node_pool_versions": [
              "1.31.9",
              "1.31.8",
              "1.31.7",
              "1.31.5",
              "1.31.4",
              "1.31.3",
              "1.31.2",
              "1.30.13",
              "1.30.12",
              "1.30.11",
              "1.30.9",
              "1.30.8",
              "1.30.7",
              "1.30.6",
              "1.30.5",
              "1.30.4",
              "1.30.3",
              "1.30.2"
            ]
          },
          "sensitive_attributes": [],
          "identity_schema_version": 0,
          "private": "eyJlMmJmYjczMC1lY2FhLTExZTYtOGY4OC0zNDM2M2JjN2M0YzAiOnsiY3JlYXRlIjozNjAwMDAwMDAwMDAwLCJkZWZhdWx0IjozNjAwMDAwMDAwMDAwLCJkZWxldGUiOjM2MDAwMDAwMDAwMDAsInJlYWQiOjM2MDAwMDAwMDAwMDAsInVwZGF0ZSI6MzYwMDAwMDAwMDAwMH19"
        }
      ]
    },
    {
      "module": "module.kubeflow_cluster_1",
      "mode": "managed",
      "type": "ionoscloud_k8s_node_pool",
      "name": "example",
      "provider": "provider[\"registry.terraform.io/ionos-cloud/ionoscloud\"]",
      "instances": [
        {
          "schema_version": 1,
          "attributes": {
            "allow_replace": false,
            "annotations": null,
            "auto_scaling": [],
            "availability_zone": "AUTO",
            "cores_count": 8,
            "cpu_family": "INTEL_SKYLAKE",
            "datacenter_id": "60fa0343-a341-44a7-80f6-2b462ce0a9de",
            "id": "8f196980-d0bf-45d8-9e22-bb6c5952bd1d",
            "k8s_cluster_id": "afcc3896-fb53-4ce3-87e1-005a093bc1a3",
            "k8s_version": "1.31.3",
            "labels": null,
            "lans": [],
            "maintenance_window": [
              {
                "day_of_the_week": "Monday",
                "time": "09:00:00Z"
              }
            ],
            "name": "k8sNodePool",
            "node_count": 4,
            "public_ips": null,
            "ram_size": 30720,
            "storage_size": 100,
            "storage_type": "SSD",
            "timeouts": null
          },
          "sensitive_attributes": [
            [
              {
                "type": "get_attr",
                "value": "datacenter_id"
              }
            ]
          ],
          "identity_schema_version": 0,
          "private": "eyJlMmJmYjczMC1lY2FhLTExZTYtOGY4OC0zNDM2M2JjN2M0YzAiOnsiY3JlYXRlIjoxMDgwMDAwMDAwMDAwMCwiZGVmYXVsdCI6MTA4MDAwMDAwMDAwMDAsImRlbGV0ZSI6MTA4MDAwMDAwMDAwMDAsInJlYWQiOjEwODAwMDAwMDAwMDAwLCJ1cGRhdGUiOjEwODAwMDAwMDAwMDAwfSwic2NoZW1hX3ZlcnNpb24iOiIxIn0=",
          "dependencies": [
            "module.kubeflow_cluster_1.ionoscloud_k8s_cluster.example"
          ]
        }
      ]
    }
  ],
  "check_results": null
}
